
Microsoft Visual Studio Solution File, Format Version 12.00
# Visual Studio Version 17
VisualStudioVersion = 17.5.002.0
MinimumVisualStudioVersion = 10.0.40219.1
Project("{9A19103F-16F7-4668-BE54-9A1E7A4F7556}") = "Calcolatrice-1", "Calcolatrice-1\Calcolatrice-1.csproj", "{967DEAE8-DA64-4D1B-BB4E-D78127C0E7A3}"
EndProject
Project("{9A19103F-16F7-4668-BE54-9A1E7A4F7556}") = "Calcolatrice-2", "Calcolatrice-2\Calcolatrice-2.csproj", "{81B66D8F-40FF-40D3-8FE9-8C43BA78D67D}"
EndProject
Project("{9A19103F-16F7-4668-BE54-9A1E7A4F7556}") = "Esercitazione_2", "Esercitazione_2\Esercitazione_2.csproj", "{7A083C85-7179-460F-97E3-86A7C18E8127}"
EndProject
Project("{9A19103F-16F7-4668-BE54-9A1E7A4F7556}") = "FirstProgram", "FirstProgram\FirstProgram.csproj", "{A6ACF3A1-CC3E-4291-BBAF-32336470F18D}"
EndProject
Project("{9A19103F-16F7-4668-BE54-9A1E7A4F7556}") = "Indovina-il-numero", "Indovina-il-numero\Indovina-il-numero.csproj", "{CC75537B-3A45-4F00-811C-7BBD85F74E05}"
EndProject
Project("{FAE04EC0-301F-11D3-BF4B-00C04F79EFBC}") = "Classi", "Classi\Classi.csproj", "{B3DB445B-8682-441D-B14B-D13AC098AA48}"
EndProject
Global
	GlobalSection(SolutionConfigurationPlatforms) = preSolution
		Debug|Any CPU = Debug|Any CPU
		Release|Any CPU = Release|Any CPU
	EndGlobalSection
	GlobalSection(ProjectConfigurationPlatforms) = postSolution
		{967DEAE8-DA64-4D1B-BB4E-D78127C0E7A3}.Debug|Any CPU.ActiveCfg = Debug|Any CPU
		{967DEAE8-DA64-4D1B-BB4E-D78127C0E7A3}.Debug|Any CPU.Build.0 = Debug|Any CPU
		{967DEAE8-DA64-4D1B-BB4E-D78127C0E7A3}.Release|Any CPU.ActiveCfg = Release|Any CPU
		{967DEAE8-DA64-4D1B-BB4E-D78127C0E7A3}.Release|Any CPU.Build.0 = Release|Any CPU
		{81B66D8F-40FF-40D3-8FE9-8C43BA78D67D}.Debug|Any CPU.ActiveCfg = Debug|Any CPU
		{81B66D8F-40FF-40D3-8FE9-8C43BA78D67D}.Debug|Any CPU.Build.0 = Debug|Any CPU
		{81B66D8F-40FF-40D3-8FE9-8C43BA78D67D}.Release|Any CPU.ActiveCfg = Release|Any CPU
		{81B66D8F-40FF-40D3-8FE9-8C43BA78D67D}.Release|Any CPU.Build.0 = Release|Any CPU
		{7A083C85-7179-460F-97E3-86A7C18E8127}.Debug|Any CPU.ActiveCfg = Debug|Any CPU
		{7A083C85-7179-460F-97E3-86A7C18E8127}.Debug|Any CPU.Build.0 = Debug|Any CPU
		{7A083C85-7179-460F-97E3-86A7C18E8127}.Release|Any CPU.ActiveCfg = Release|Any CPU
		{7A083C85-7179-460F-97E3-86A7C18E8127}.Release|Any CPU.Build.0 = Release|Any CPU
		{A6ACF3A1-CC3E-4291-BBAF-32336470F18D}.Debug|Any CPU.ActiveCfg = Debug|Any CPU
		{A6ACF3A1-CC3E-4291-BBAF-32336470F18D}.Debug|Any CPU.Build.0 = Debug|Any CPU
		{A6ACF3A1-CC3E-4291-BBAF-32336470F18D}.Release|Any CPU.ActiveCfg = Release|Any CPU
		{A6ACF3A1-CC3E-4291-BBAF-32336470F18D}.Release|Any CPU.Build.0 = Release|Any CPU
		{CC75537B-3A45-4F00-811C-7BBD85F74E05}.Debug|Any CPU.ActiveCfg = Debug|Any CPU
		{CC75537B-3A45-4F00-811C-7BBD85F74E05}.Debug|Any CPU.Build.0 = Debug|Any CPU
		{CC75537B-3A45-4F00-811C-7BBD85F74E05}.Release|Any CPU.ActiveCfg = Release|Any CPU
		{CC75537B-3A45-4F00-811C-7BBD85F74E05}.Release|Any CPU.Build.0 = Release|Any CPU
		{B3DB445B-8682-441D-B14B-D13AC098AA48}.Debug|Any CPU.ActiveCfg = Debug|Any CPU
		{B3DB445B-8682-441D-B14B-D13AC098AA48}.Debug|Any CPU.Build.0 = Debug|Any CPU
		{B3DB445B-8682-441D-B14B-D13AC098AA48}.Release|Any CPU.ActiveCfg = Release|Any CPU
		{B3DB445B-8682-441D-B14B-D13AC098AA48}.Release|Any CPU.Build.0 = Release|Any CPU
	EndGlobalSection
	GlobalSection(SolutionProperties) = preSolution
		HideSolutionNode = FALSE
	EndGlobalSection
	GlobalSection(ExtensibilityGlobals) = postSolution
		SolutionGuid = {AE27B12A-5253-4859-AEEF-D428BAC7F47B}
	EndGlobalSection
EndGlobal
